{
  "name": "Astronomy-Website",
  "lockfileVersion": 2,
  "requires": true,
  "packages": {
    "": {
      "dependencies": {
        "black-dashboard": "^1.0.0",
        "bootstrap-icons": "^1.5.0"
      }
    },
    "node_modules/black-dashboard": {
      "version": "1.0.0",
      "resolved": "https://registry.npmjs.org/black-dashboard/-/black-dashboard-1.0.0.tgz",
      "integrity": "sha512-D2PoijLSVhOwv+9ujLxPwW6jtzhzdAOH8MaYs7wFQ2O+va0zyY+RpO+IEhKNCDGyHdGcXxDc7+IohtTapTxrAQ=="
    },
    "node_modules/bootstrap-icons": {
      "version": "1.5.0",
      "resolved": "https://registry.npmjs.org/bootstrap-icons/-/bootstrap-icons-1.5.0.tgz",
      "integrity": "sha512-44feMc7DE1Ccpsas/1wioN8ewFJNquvi5FewA06wLnqct7CwMdGDVy41ieHaacogzDqLfG8nADIvMNp9e4bfbA==",
      "engines": {
        "node": ">=10"
      }
    }
  },
  "dependencies": {
    "@ckeditor/ckeditor5-core": {
      "version": "12.3.0",
      "resolved": "https://registry.npmjs.org/@ckeditor/ckeditor5-core/-/ckeditor5-core-12.3.0.tgz",
      "integrity": "sha512-uUK+snI1G9b/kHOqULpEM+b3PCppQOOGkBg+eP/xggn3WPn33u2eh44RPpArsjx80dg5GWx+uj6E7OFdPylHLA==",
      "requires": {
        "@ckeditor/ckeditor5-engine": "^14.0.0",
        "@ckeditor/ckeditor5-utils": "^14.0.0",
        "lodash-es": "^4.17.10"
      }
    },
    "@ckeditor/ckeditor5-engine": {
      "version": "14.0.0",
      "resolved": "https://registry.npmjs.org/@ckeditor/ckeditor5-engine/-/ckeditor5-engine-14.0.0.tgz",
      "integrity": "sha512-Y9EWmWwJ6anckAdSDhAFkMryz494y2LsBlF9o/wY3ChwfpEODpaaADBh22yFqQp6PXrFvk4LmAOJeOyTeA13FA==",
      "requires": {
        "@ckeditor/ckeditor5-utils": "^14.0.0",
        "lodash-es": "^4.17.10"
      }
    },
    "@ckeditor/ckeditor5-markdown-gfm": {
      "version": "11.0.5",
      "resolved": "https://registry.npmjs.org/@ckeditor/ckeditor5-markdown-gfm/-/ckeditor5-markdown-gfm-11.0.5.tgz",
      "integrity": "sha512-kAPMOSsU7VUb7xmwy943jsvHH3vqcqcpiXL9QWt8XvHFpJT14Pk29zvTTiHeNVT7s0AkdWQ7yJTCunMiOoqC+Q==",
      "requires": {
        "@ckeditor/ckeditor5-engine": "^14.0.0"
      }
    },
    "@ckeditor/ckeditor5-ui": {
      "version": "14.0.0",
      "resolved": "https://registry.npmjs.org/@ckeditor/ckeditor5-ui/-/ckeditor5-ui-14.0.0.tgz",
      "integrity": "sha512-zV4o4K5zUMcDr2q3Mmohisb2VTNFFsJ4BvhUt6jCNgM0kD6M4BwalmG7XdaXWMqOh15iqLC4f0p93/6DloyD+Q==",
      "requires": {
        "@ckeditor/ckeditor5-core": "^12.3.0",
        "@ckeditor/ckeditor5-utils": "^14.0.0",
        "lodash-es": "^4.17.10"
      }
    },
    "@ckeditor/ckeditor5-upload": {
      "version": "12.0.0",
      "resolved": "https://registry.npmjs.org/@ckeditor/ckeditor5-upload/-/ckeditor5-upload-12.0.0.tgz",
      "integrity": "sha512-HOJRKom2QEabAA5MyuPTZXVK1gamOVtav+2KH1dDJhk75MFVLIkihc3Yx+0310QpX4KTRtEqj5ZpKAvvvKkElg==",
      "requires": {
        "@ckeditor/ckeditor5-core": "^12.3.0",
        "@ckeditor/ckeditor5-ui": "^14.0.0",
        "@ckeditor/ckeditor5-utils": "^14.0.0"
      }
    },
    "@ckeditor/ckeditor5-utils": {
      "version": "14.0.0",
      "resolved": "https://registry.npmjs.org/@ckeditor/ckeditor5-utils/-/ckeditor5-utils-14.0.0.tgz",
      "integrity": "sha512-JC9sDlRbvmhL+Gqpq4HPZkrnpMFgEwlkVNUd2RKD/heOvzdpMfpLnIFpdXi1ohx/LQHDC9GZce0t6NJM5PbGoA==",
      "requires": {
        "ckeditor5": "^12.4.0",
        "lodash-es": "^4.17.10"
      }
    },
    "black-dashboard": {
      "version": "1.0.0",
      "resolved": "https://registry.npmjs.org/black-dashboard/-/black-dashboard-1.0.0.tgz",
      "integrity": "sha512-D2PoijLSVhOwv+9ujLxPwW6jtzhzdAOH8MaYs7wFQ2O+va0zyY+RpO+IEhKNCDGyHdGcXxDc7+IohtTapTxrAQ=="
    },
    "bootstrap-icons": {
      "version": "1.5.0",
      "resolved": "https://registry.npmjs.org/bootstrap-icons/-/bootstrap-icons-1.5.0.tgz",
      "integrity": "sha512-44feMc7DE1Ccpsas/1wioN8ewFJNquvi5FewA06wLnqct7CwMdGDVy41ieHaacogzDqLfG8nADIvMNp9e4bfbA=="
    },
    "ckeditor5": {
      "version": "12.4.0",
      "resolved": "https://registry.npmjs.org/ckeditor5/-/ckeditor5-12.4.0.tgz",
      "integrity": "sha512-gd6PGm3pId5KibAZNvACc5NN657xP0IEyqziRI0tBFnLyXgDjw3e8Uu2zkIEUbxPR2vXG1J7PoqS9ZxJuE9XTQ=="
    },
    "ckeditor5-build-balloon": {
      "version": "1.2.0",
      "resolved": "https://registry.npmjs.org/ckeditor5-build-balloon/-/ckeditor5-build-balloon-1.2.0.tgz",
      "integrity": "sha512-8m1aEj0B36ZP3+DnDaByHuMiaHoQ75QjsVE+6v2i94cwbVMlJqhppkDxC7DytP4lEyvRNHinqoSrdTPDBiseJA==",
      "requires": {
        "@ckeditor/ckeditor5-markdown-gfm": "^11.0.5",
        "@ckeditor/ckeditor5-upload": "^12.0.0"
      }
    },
    "lodash-es": {
      "version": "4.17.21",
      "resolved": "https://registry.npmjs.org/lodash-es/-/lodash-es-4.17.21.tgz",
      "integrity": "sha512-mKnC+QJ9pWVzv+C4/U3rRsHapFfHvQFoFB92e52xeyGMcX6/OlIl78je1u8vePzYZSkkogMPJ2yjxxsb89cxyw=="
    }
  }
}
